{
  "name": "@audio/auditory",
  "version": "1.0.1",
  "lockfileVersion": 3,
  "requires": true,
  "packages": {
    "": {
      "name": "@audio/auditory",
      "version": "1.0.1",
      "license": "MIT",
      "workspaces": [
        "packages/*"
      ],
      "dependencies": {
        "@audio/auditory-bark": "^1.0.0",
        "@audio/auditory-erb": "^1.0.0",
        "@audio/auditory-gammatone": "^1.0.0",
        "@audio/auditory-mel": "^1.0.0",
        "@audio/auditory-octave": "^1.0.0"
      },
      "devDependencies": {
        "tst": "^9.4.0"
      },
      "engines": {
        "node": ">=18"
      }
    },
    "node_modules/@audio/auditory-bark": {
      "resolved": "packages/auditory-bark",
      "link": true
    },
    "node_modules/@audio/auditory-erb": {
      "resolved": "packages/auditory-erb",
      "link": true
    },
    "node_modules/@audio/auditory-gammatone": {
      "resolved": "packages/auditory-gammatone",
      "link": true
    },
    "node_modules/@audio/auditory-mel": {
      "resolved": "packages/auditory-mel",
      "link": true
    },
    "node_modules/@audio/auditory-octave": {
      "resolved": "packages/auditory-octave",
      "link": true
    },
    "node_modules/@audio/biquad": {
      "version": "1.1.0",
      "resolved": "https://registry.npmjs.org/@audio/biquad/-/biquad-1.1.0.tgz",
      "integrity": "sha512-IJtafeZ5NmZM+GFIc2+dYz5YrYHOtcF07kPfB/bur7Ca3uonaRX6eb5jWPI9yF0f8UB6IAZ42c3YVkENgRR9ng==",
      "license": "MIT",
      "engines": {
        "node": ">=18"
      }
    },
    "node_modules/tst": {
      "version": "9.4.0",
      "resolved": "https://registry.npmjs.org/tst/-/tst-9.4.0.tgz",
      "integrity": "sha512-LFC1yasMqhvL9hBJdA07nozlfS1RGy/7uiBCwRZcQH9zB4+n7XpxwYszzK//WQ2JVOLAUgU3d8ABEcrFLZE0vg==",
      "dev": true,
      "license": "MIT"
    },
    "packages/auditory-bark": {
      "name": "@audio/auditory-bark",
      "version": "1.1.0",
      "license": "MIT",
      "dependencies": {
        "@audio/biquad": "^1.1.0"
      },
      "engines": {
        "node": ">=18"
      }
    },
    "packages/auditory-erb": {
      "name": "@audio/auditory-erb",
      "version": "1.0.1",
      "license": "MIT",
      "engines": {
        "node": ">=18"
      }
    },
    "packages/auditory-gammatone": {
      "name": "@audio/auditory-gammatone",
      "version": "1.0.0",
      "license": "MIT",
      "engines": {
        "node": ">=18"
      }
    },
    "packages/auditory-mel": {
      "name": "@audio/auditory-mel",
      "version": "1.0.0",
      "license": "MIT",
      "engines": {
        "node": ">=18"
      }
    },
    "packages/auditory-octave": {
      "name": "@audio/auditory-octave",
      "version": "1.1.0",
      "license": "MIT",
      "dependencies": {
        "@audio/biquad": "^1.1.0"
      },
      "engines": {
        "node": ">=18"
      }
    }
  }
}
